// !$*UTF8*$!
{
	archiveVersion = 1;
	classes = {
	};
	objectVersion = 46;
	objects = {

/* Begin PBXBuildFile section */
		0DBA765D1A675D8600EC74B0 /* Foundation.framework in Frameworks */ = {isa = PBXBuildFile; fileRef = 0DBA765C1A675D8600EC74B0 /* Foundation.framework */; };
		0DBA765F1A675D8600EC74B0 /* CoreGraphics.framework in Frameworks */ = {isa = PBXBuildFile; fileRef = 0DBA765E1A675D8600EC74B0 /* CoreGraphics.framework */; };
		0DBA76611A675D8600EC74B0 /* UIKit.framework in Frameworks */ = {isa = PBXBuildFile; fileRef = 0DBA76601A675D8600EC74B0 /* UIKit.framework */; };
		0DBA76671A675D8600EC74B0 /* InfoPlist.strings in Resources */ = {isa = PBXBuildFile; fileRef = 0DBA76651A675D8600EC74B0 /* InfoPlist.strings */; };
		0DBA76691A675D8600EC74B0 /* main.m in Sources */ = {isa = PBXBuildFile; fileRef = 0DBA76681A675D8600EC74B0 /* main.m */; };
		0DBA766D1A675D8600EC74B0 /* BNRAppDelegate.m in Sources */ = {isa = PBXBuildFile; fileRef = 0DBA766C1A675D8600EC74B0 /* BNRAppDelegate.m */; };
		0DBA766F1A675D8600EC74B0 /* Images.xcassets in Resources */ = {isa = PBXBuildFile; fileRef = 0DBA766E1A675D8600EC74B0 /* Images.xcassets */; };
		0DBA76761A675D8600EC74B0 /* XCTest.framework in Frameworks */ = {isa = PBXBuildFile; fileRef = 0DBA76751A675D8600EC74B0 /* XCTest.framework */; };
		0DBA76771A675D8600EC74B0 /* Foundation.framework in Frameworks */ = {isa = PBXBuildFile; fileRef = 0DBA765C1A675D8600EC74B0 /* Foundation.framework */; };
		0DBA76781A675D8600EC74B0 /* UIKit.framework in Frameworks */ = {isa = PBXBuildFile; fileRef = 0DBA76601A675D8600EC74B0 /* UIKit.framework */; };
		0DBA76801A675D8600EC74B0 /* InfoPlist.strings in Resources */ = {isa = PBXBuildFile; fileRef = 0DBA767E1A675D8600EC74B0 /* InfoPlist.strings */; };
		0DBA76821A675D8600EC74B0 /* HypnoNerdTests.m in Sources */ = {isa = PBXBuildFile; fileRef = 0DBA76811A675D8600EC74B0 /* HypnoNerdTests.m */; };
		0DBA768D1A675E2E00EC74B0 /* BNRHypnosisView.m in Sources */ = {isa = PBXBuildFile; fileRef = 0DBA768C1A675E2E00EC74B0 /* BNRHypnosisView.m */; };
		0DBA76901A675F0900EC74B0 /* BNRHypnosisViewController.m in Sources */ = {isa = PBXBuildFile; fileRef = 0DBA768F1A675F0900EC74B0 /* BNRHypnosisViewController.m */; };
		0DBA76931A676C1100EC74B0 /* BNRReminderViewController.m in Sources */ = {isa = PBXBuildFile; fileRef = 0DBA76921A676C1100EC74B0 /* BNRReminderViewController.m */; };
		0DBA76971A67745F00EC74B0 /* BNRReminderViewController.xib in Resources */ = {isa = PBXBuildFile; fileRef = 0DBA76961A67745F00EC74B0 /* BNRReminderViewController.xib */; };
/* End PBXBuildFile section */

/* Begin PBXContainerItemProxy section */
		0DBA76791A675D8600EC74B0 /* PBXContainerItemProxy */ = {
			isa = PBXContainerItemProxy;
			containerPortal = 0DBA76511A675D8600EC74B0 /* Project object */;
			proxyType = 1;
			remoteGlobalIDString = 0DBA76581A675D8600EC74B0;
			remoteInfo = HypnoNerd;
		};
/* End PBXContainerItemProxy section */

/* Begin PBXFileReference section */
		0DBA76591A675D8600EC74B0 /* HypnoNerd.app */ = {isa = PBXFileReference; explicitFileType = wrapper.application; includeInIndex = 0; path = HypnoNerd.app; sourceTree = BUILT_PRODUCTS_DIR; };
		0DBA765C1A675D8600EC74B0 /* Foundation.framework */ = {isa = PBXFileReference; lastKnownFileType = wrapper.framework; name = Foundation.framework; path = System/Library/Frameworks/Foundation.framework; sourceTree = SDKROOT; };
		0DBA765E1A675D8600EC74B0 /* CoreGraphics.framework */ = {isa = PBXFileReference; lastKnownFileType = wrapper.framework; name = CoreGraphics.framework; path = System/Library/Frameworks/CoreGraphics.framework; sourceTree = SDKROOT; };
		0DBA76601A675D8600EC74B0 /* UIKit.framework */ = {isa = PBXFileReference; lastKnownFileType = wrapper.framework; name = UIKit.framework; path = System/Library/Frameworks/UIKit.framework; sourceTree = SDKROOT; };
		0DBA76641A675D8600EC74B0 /* HypnoNerd-Info.plist */ = {isa = PBXFileReference; lastKnownFileType = text.plist.xml; path = "HypnoNerd-Info.plist"; sourceTree = "<group>"; };
		0DBA76661A675D8600EC74B0 /* en */ = {isa = PBXFileReference; lastKnownFileType = text.plist.strings; name = en; path = en.lproj/InfoPlist.strings; sourceTree = "<group>"; };
		0DBA76681A675D8600EC74B0 /* main.m */ = {isa = PBXFileReference; lastKnownFileType = sourcecode.c.objc; path = main.m; sourceTree = "<group>"; };
		0DBA766A1A675D8600EC74B0 /* HypnoNerd-Prefix.pch */ = {isa = PBXFileReference; lastKnownFileType = sourcecode.c.h; path = "HypnoNerd-Prefix.pch"; sourceTree = "<group>"; };
		0DBA766B1A675D8600EC74B0 /* BNRAppDelegate.h */ = {isa = PBXFileReference; lastKnownFileType = sourcecode.c.h; path = BNRAppDelegate.h; sourceTree = "<group>"; };
		0DBA766C1A675D8600EC74B0 /* BNRAppDelegate.m */ = {isa = PBXFileReference; lastKnownFileType = sourcecode.c.objc; path = BNRAppDelegate.m; sourceTree = "<group>"; };
		0DBA766E1A675D8600EC74B0 /* Images.xcassets */ = {isa = PBXFileReference; lastKnownFileType = folder.assetcatalog; path = Images.xcassets; sourceTree = "<group>"; };
		0DBA76741A675D8600EC74B0 /* HypnoNerdTests.xctest */ = {isa = PBXFileReference; explicitFileType = wrapper.cfbundle; includeInIndex = 0; path = HypnoNerdTests.xctest; sourceTree = BUILT_PRODUCTS_DIR; };
		0DBA76751A675D8600EC74B0 /* XCTest.framework */ = {isa = PBXFileReference; lastKnownFileType = wrapper.framework; name = XCTest.framework; path = Library/Frameworks/XCTest.framework; sourceTree = DEVELOPER_DIR; };
		0DBA767D1A675D8600EC74B0 /* HypnoNerdTests-Info.plist */ = {isa = PBXFileReference; lastKnownFileType = text.plist.xml; path = "HypnoNerdTests-Info.plist"; sourceTree = "<group>"; };
		0DBA767F1A675D8600EC74B0 /* en */ = {isa = PBXFileReference; lastKnownFileType = text.plist.strings; name = en; path = en.lproj/InfoPlist.strings; sourceTree = "<group>"; };
		0DBA76811A675D8600EC74B0 /* HypnoNerdTests.m */ = {isa = PBXFileReference; lastKnownFileType = sourcecode.c.objc; path = HypnoNerdTests.m; sourceTree = "<group>"; };
		0DBA768B1A675E2E00EC74B0 /* BNRHypnosisView.h */ = {isa = PBXFileReference; fileEncoding = 4; lastKnownFileType = sourcecode.c.h; name = BNRHypnosisView.h; path = ../BNRHypnosisView.h; sourceTree = "<group>"; };
		0DBA768C1A675E2E00EC74B0 /* BNRHypnosisView.m */ = {isa = PBXFileReference; fileEncoding = 4; lastKnownFileType = sourcecode.c.objc; name = BNRHypnosisView.m; path = ../BNRHypnosisView.m; sourceTree = "<group>"; };
		0DBA768E1A675F0900EC74B0 /* BNRHypnosisViewController.h */ = {isa = PBXFileReference; fileEncoding = 4; lastKnownFileType = sourcecode.c.h; name = BNRHypnosisViewController.h; path = ../BNRHypnosisViewController.h; sourceTree = "<group>"; };
		0DBA768F1A675F0900EC74B0 /* BNRHypnosisViewController.m */ = {isa = PBXFileReference; fileEncoding = 4; lastKnownFileType = sourcecode.c.objc; name = BNRHypnosisViewController.m; path = ../BNRHypnosisViewController.m; sourceTree = "<group>"; };
		0DBA76911A676C1100EC74B0 /* BNRReminderViewController.h */ = {isa = PBXFileReference; fileEncoding = 4; lastKnownFileType = sourcecode.c.h; path = BNRReminderViewController.h; sourceTree = "<group>"; };
		0DBA76921A676C1100EC74B0 /* BNRReminderViewController.m */ = {isa = PBXFileReference; fileEncoding = 4; lastKnownFileType = sourcecode.c.objc; path = BNRReminderViewController.m; sourceTree = "<group>"; };
		0DBA76961A67745F00EC74B0 /* BNRReminderViewController.xib */ = {isa = PBXFileReference; fileEncoding = 4; lastKnownFileType = file.xib; path = BNRReminderViewController.xib; sourceTree = "<group>"; };
/* End PBXFileReference section */

/* Begin PBXFrameworksBuildPhase section */
		0DBA76561A675D8600EC74B0 /* Frameworks */ = {
			isa = PBXFrameworksBuildPhase;
			buildActionMask = 2147483647;
			files = (
				0DBA765F1A675D8600EC74B0 /* CoreGraphics.framework in Frameworks */,
				0DBA76611A675D8600EC74B0 /* UIKit.framework in Frameworks */,
				0DBA765D1A675D8600EC74B0 /* Foundation.framework in Frameworks */,
			);
			runOnlyForDeploymentPostprocessing = 0;
		};
		0DBA76711A675D8600EC74B0 /* Frameworks */ = {
			isa = PBXFrameworksBuildPhase;
			buildActionMask = 2147483647;
			files = (
				0DBA76761A675D8600EC74B0 /* XCTest.framework in Frameworks */,
				0DBA76781A675D8600EC74B0 /* UIKit.framework in Frameworks */,
				0DBA76771A675D8600EC74B0 /* Foundation.framework in Frameworks */,
			);
			runOnlyForDeploymentPostprocessing = 0;
		};
/* End PBXFrameworksBuildPhase section */

/* Begin PBXGroup section */
		0DBA76501A675D8600EC74B0 = {
			isa = PBXGroup;
			children = (
				0DBA76621A675D8600EC74B0 /* HypnoNerd */,
				0DBA767B1A675D8600EC74B0 /* HypnoNerdTests */,
				0DBA765B1A675D8600EC74B0 /* Frameworks */,
				0DBA765A1A675D8600EC74B0 /* Products */,
			);
			sourceTree = "<group>";
		};
		0DBA765A1A675D8600EC74B0 /* Products */ = {
			isa = PBXGroup;
			children = (
				0DBA76591A675D8600EC74B0 /* HypnoNerd.app */,
				0DBA76741A675D8600EC74B0 /* HypnoNerdTests.xctest */,
			);
			name = Products;
			sourceTree = "<group>";
		};
		0DBA765B1A675D8600EC74B0 /* Frameworks */ = {
			isa = PBXGroup;
			children = (
				0DBA765C1A675D8600EC74B0 /* Foundation.framework */,
				0DBA765E1A675D8600EC74B0 /* CoreGraphics.framework */,
				0DBA76601A675D8600EC74B0 /* UIKit.framework */,
				0DBA76751A675D8600EC74B0 /* XCTest.framework */,
			);
			name = Frameworks;
			sourceTree = "<group>";
		};
		0DBA76621A675D8600EC74B0 /* HypnoNerd */ = {
			isa = PBXGroup;
			children = (
				0DBA766B1A675D8600EC74B0 /* BNRAppDelegate.h */,
				0DBA766C1A675D8600EC74B0 /* BNRAppDelegate.m */,
				0DBA766E1A675D8600EC74B0 /* Images.xcassets */,
				0DBA768B1A675E2E00EC74B0 /* BNRHypnosisView.h */,
				0DBA76961A67745F00EC74B0 /* BNRReminderViewController.xib */,
				0DBA768C1A675E2E00EC74B0 /* BNRHypnosisView.m */,
				0DBA76911A676C1100EC74B0 /* BNRReminderViewController.h */,
				0DBA76921A676C1100EC74B0 /* BNRReminderViewController.m */,
				0DBA768E1A675F0900EC74B0 /* BNRHypnosisViewController.h */,
				0DBA768F1A675F0900EC74B0 /* BNRHypnosisViewController.m */,
				0DBA76631A675D8600EC74B0 /* Supporting Files */,
			);
			path = HypnoNerd;
			sourceTree = "<group>";
		};
		0DBA76631A675D8600EC74B0 /* Supporting Files */ = {
			isa = PBXGroup;
			children = (
				0DBA76641A675D8600EC74B0 /* HypnoNerd-Info.plist */,
				0DBA76651A675D8600EC74B0 /* InfoPlist.strings */,
				0DBA76681A675D8600EC74B0 /* main.m */,
				0DBA766A1A675D8600EC74B0 /* HypnoNerd-Prefix.pch */,
			);
			name = "Supporting Files";
			sourceTree = "<group>";
		};
		0DBA767B1A675D8600EC74B0 /* HypnoNerdTests */ = {
			isa = PBXGroup;
			children = (
				0DBA76811A675D8600EC74B0 /* HypnoNerdTests.m */,
				0DBA767C1A675D8600EC74B0 /* Supporting Files */,
			);
			path = HypnoNerdTests;
			sourceTree = "<group>";
		};
		0DBA767C1A675D8600EC74B0 /* Supporting Files */ = {
			isa = PBXGroup;
			children = (
				0DBA767D1A675D8600EC74B0 /* HypnoNerdTests-Info.plist */,
				0DBA767E1A675D8600EC74B0 /* InfoPlist.strings */,
			);
			name = "Supporting Files";
			sourceTree = "<group>";
		};
/* End PBXGroup section */

/* Begin PBXNativeTarget section */
		0DBA76581A675D8600EC74B0 /* HypnoNerd */ = {
			isa = PBXNativeTarget;
			buildConfigurationList = 0DBA76851A675D8600EC74B0 /* Build configuration list for PBXNativeTarget "HypnoNerd" */;
			buildPhases = (
				0DBA76551A675D8600EC74B0 /* Sources */,
				0DBA76561A675D8600EC74B0 /* Frameworks */,
				0DBA76571A675D8600EC74B0 /* Resources */,
			);
			buildRules = (
			);
			dependencies = (
			);
			name = HypnoNerd;
			productName = HypnoNerd;
			productReference = 0DBA76591A675D8600EC74B0 /* HypnoNerd.app */;
			productType = "com.apple.product-type.application";
		};
		0DBA76731A675D8600EC74B0 /* HypnoNerdTests */ = {
			isa = PBXNativeTarget;
			buildConfigurationList = 0DBA76881A675D8600EC74B0 /* Build configuration list for PBXNativeTarget "HypnoNerdTests" */;
			buildPhases = (
				0DBA76701A675D8600EC74B0 /* Sources */,
				0DBA76711A675D8600EC74B0 /* Frameworks */,
				0DBA76721A675D8600EC74B0 /* Resources */,
			);
			buildRules = (
			);
			dependencies = (
				0DBA767A1A675D8600EC74B0 /* PBXTargetDependency */,
			);
			name = HypnoNerdTests;
			productName = HypnoNerdTests;
			productReference = 0DBA76741A675D8600EC74B0 /* HypnoNerdTests.xctest */;
			productType = "com.apple.product-type.bundle.unit-test";
		};
/* End PBXNativeTarget section */

/* Begin PBXProject section */
		0DBA76511A675D8600EC74B0 /* Project object */ = {
			isa = PBXProject;
			attributes = {
				CLASSPREFIX = BNR;
				LastUpgradeCheck = 0510;
				ORGANIZATIONNAME = golf;
				TargetAttributes = {
					0DBA76731A675D8600EC74B0 = {
						TestTargetID = 0DBA76581A675D8600EC74B0;
					};
				};
			};
			buildConfigurationList = 0DBA76541A675D8600EC74B0 /* Build configuration list for PBXProject "HypnoNerd" */;
			compatibilityVersion = "Xcode 3.2";
			developmentRegion = English;
			hasScannedForEncodings = 0;
			knownRegions = (
				en,
			);
			mainGroup = 0DBA76501A675D8600EC74B0;
			productRefGroup = 0DBA765A1A675D8600EC74B0 /* Products */;
			projectDirPath = "";
			projectRoot = "";
			targets = (
				0DBA76581A675D8600EC74B0 /* HypnoNerd */,
				0DBA76731A675D8600EC74B0 /* HypnoNerdTests */,
			);
		};
/* End PBXProject section */

/* Begin PBXResourcesBuildPhase section */
		0DBA76571A675D8600EC74B0 /* Resources */ = {
			isa = PBXResourcesBuildPhase;
			buildActionMask = 2147483647;
			files = (
				0DBA76971A67745F00EC74B0 /* BNRReminderViewController.xib in Resources */,
				0DBA76671A675D8600EC74B0 /* InfoPlist.strings in Resources */,
				0DBA766F1A675D8600EC74B0 /* Images.xcassets in Resources */,
			);
			runOnlyForDeploymentPostprocessing = 0;
		};
		0DBA76721A675D8600EC74B0 /* Resources */ = {
			isa = PBXResourcesBuildPhase;
			buildActionMask = 2147483647;
			files = (
				0DBA76801A675D8600EC74B0 /* InfoPlist.strings in Resources */,
			);
			runOnlyForDeploymentPostprocessing = 0;
		};
/* End PBXResourcesBuildPhase section */

/* Begin PBXSourcesBuildPhase section */
		0DBA76551A675D8600EC74B0 /* Sources */ = {
			isa = PBXSourcesBuildPhase;
			buildActionMask = 2147483647;
			files = (
				0DBA76901A675F0900EC74B0 /* BNRHypnosisViewController.m in Sources */,
				0DBA76691A675D8600EC74B0 /* main.m in Sources */,
				0DBA766D1A675D8600EC74B0 /* BNRAppDelegate.m in Sources */,
				0DBA76931A676C1100EC74B0 /* BNRReminderViewController.m in Sources */,
				0DBA768D1A675E2E00EC74B0 /* BNRHypnosisView.m in Sources */,
			);
			runOnlyForDeploymentPostprocessing = 0;
		};
		0DBA76701A675D8600EC74B0 /* Sources */ = {
			isa = PBXSourcesBuildPhase;
			buildActionMask = 2147483647;
			files = (
				0DBA76821A675D8600EC74B0 /* HypnoNerdTests.m in Sources */,
			);
			runOnlyForDeploymentPostprocessing = 0;
		};
/* End PBXSourcesBuildPhase section */

/* Begin PBXTargetDependency section */
		0DBA767A1A675D8600EC74B0 /* PBXTargetDependency */ = {
			isa = PBXTargetDependency;
			target = 0DBA76581A675D8600EC74B0 /* HypnoNerd */;
			targetProxy = 0DBA76791A675D8600EC74B0 /* PBXContainerItemProxy */;
		};
/* End PBXTargetDependency section */

/* Begin PBXVariantGroup section */
		0DBA76651A675D8600EC74B0 /* InfoPlist.strings */ = {
			isa = PBXVariantGroup;
			children = (
				0DBA76661A675D8600EC74B0 /* en */,
			);
			name = InfoPlist.strings;
			sourceTree = "<group>";
		};
		0DBA767E1A675D8600EC74B0 /* InfoPlist.strings */ = {
			isa = PBXVariantGroup;
			children = (
				0DBA767F1A675D8600EC74B0 /* en */,
			);
			name = InfoPlist.strings;
			sourceTree = "<group>";
		};
/* End PBXVariantGroup section */

/* Begin XCBuildConfiguration section */
		0DBA76831A675D8600EC74B0 /* Debug */ = {
			isa = XCBuildConfiguration;
			buildSettings = {
				ALWAYS_SEARCH_USER_PATHS = NO;
				CLANG_CXX_LANGUAGE_STANDARD = "gnu++0x";
				CLANG_CXX_LIBRARY = "libc++";
				CLANG_ENABLE_MODULES = YES;
				CLANG_ENABLE_OBJC_ARC = YES;
				CLANG_WARN_BOOL_CONVERSION = YES;
				CLANG_WARN_CONSTANT_CONVERSION = YES;
				CLANG_WARN_DIRECT_OBJC_ISA_USAGE = YES_ERROR;
				CLANG_WARN_EMPTY_BODY = YES;
				CLANG_WARN_ENUM_CONVERSION = YES;
				CLANG_WARN_INT_CONVERSION = YES;
				CLANG_WARN_OBJC_ROOT_CLASS = YES_ERROR;
				CLANG_WARN__DUPLICATE_METHOD_MATCH = YES;
				"CODE_SIGN_IDENTITY[sdk=iphoneos*]" = "iPhone Developer";
				COPY_PHASE_STRIP = NO;
				GCC_C_LANGUAGE_STANDARD = gnu99;
				GCC_DYNAMIC_NO_PIC = NO;
				GCC_OPTIMIZATION_LEVEL = 0;
				GCC_PREPROCESSOR_DEFINITIONS = (
					"DEBUG=1",
					"$(inherited)",
				);
				GCC_SYMBOLS_PRIVATE_EXTERN = NO;
				GCC_WARN_64_TO_32_BIT_CONVERSION = YES;
				GCC_WARN_ABOUT_RETURN_TYPE = YES_ERROR;
				GCC_WARN_UNDECLARED_SELECTOR = YES;
				GCC_WARN_UNINITIALIZED_AUTOS = YES_AGGRESSIVE;
				GCC_WARN_UNUSED_FUNCTION = YES;
				GCC_WARN_UNUSED_VARIABLE = YES;
				IPHONEOS_DEPLOYMENT_TARGET = 7.1;
				ONLY_ACTIVE_ARCH = YES;
				SDKROOT = iphoneos;
			};
			name = Debug;
		};
		0DBA76841A675D8600EC74B0 /* Release */ = {
			isa = XCBuildConfiguration;
			buildSettings = {
				ALWAYS_SEARCH_USER_PATHS = NO;
				CLANG_CXX_LANGUAGE_STANDARD = "gnu++0x";
				CLANG_CXX_LIBRARY = "libc++";
				CLANG_ENABLE_MODULES = YES;
				CLANG_ENABLE_OBJC_ARC = YES;
				CLANG_WARN_BOOL_CONVERSION = YES;
				CLANG_WARN_CONSTANT_CONVERSION = YES;
				CLANG_WARN_DIRECT_OBJC_ISA_USAGE = YES_ERROR;
				CLANG_WARN_EMPTY_BODY = YES;
				CLANG_WARN_ENUM_CONVERSION = YES;
				CLANG_WARN_INT_CONVERSION = YES;
				CLANG_WARN_OBJC_ROOT_CLASS = YES_ERROR;
				CLANG_WARN__DUPLICATE_METHOD_MATCH = YES;
				"CODE_SIGN_IDENTITY[sdk=iphoneos*]" = "iPhone Developer";
				COPY_PHASE_STRIP = YES;
				ENABLE_NS_ASSERTIONS = NO;
				GCC_C_LANGUAGE_STANDARD = gnu99;
				GCC_WARN_64_TO_32_BIT_CONVERSION = YES;
				GCC_WARN_ABOUT_RETURN_TYPE = YES_ERROR;
				GCC_WARN_UNDECLARED_SELECTOR = YES;
				GCC_WARN_UNINITIALIZED_AUTOS = YES_AGGRESSIVE;
				GCC_WARN_UNUSED_FUNCTION = YES;
				GCC_WARN_UNUSED_VARIABLE = YES;
				IPHONEOS_DEPLOYMENT_TARGET = 7.1;
				SDKROOT = iphoneos;
				VALIDATE_PRODUCT = YES;
			};
			name = Release;
		};
		0DBA76861A675D8600EC74B0 /* Debug */ = {
			isa = XCBuildConfiguration;
			buildSettings = {
				ASSETCATALOG_COMPILER_APPICON_NAME = AppIcon;
				ASSETCATALOG_COMPILER_LAUNCHIMAGE_NAME = LaunchImage;
				GCC_PRECOMPILE_PREFIX_HEADER = YES;
				GCC_PREFIX_HEADER = "HypnoNerd/HypnoNerd-Prefix.pch";
				INFOPLIST_FILE = "HypnoNerd/HypnoNerd-Info.plist";
				PRODUCT_NAME = "$(TARGET_NAME)";
				WRAPPER_EXTENSION = app;
			};
			name = Debug;
		};
		0DBA76871A675D8600EC74B0 /* Release */ = {
			isa = XCBuildConfiguration;
			buildSettings = {
				ASSETCATALOG_COMPILER_APPICON_NAME = AppIcon;
				ASSETCATALOG_COMPILER_LAUNCHIMAGE_NAME = LaunchImage;
				GCC_PRECOMPILE_PREFIX_HEADER = YES;
				GCC_PREFIX_HEADER = "HypnoNerd/HypnoNerd-Prefix.pch";
				INFOPLIST_FILE = "HypnoNerd/HypnoNerd-Info.plist";
				PRODUCT_NAME = "$(TARGET_NAME)";
				WRAPPER_EXTENSION = app;
			};
			name = Release;
		};
		0DBA76891A675D8600EC74B0 /* Debug */ = {
			isa = XCBuildConfiguration;
			buildSettings = {
				BUNDLE_LOADER = "$(BUILT_PRODUCTS_DIR)/HypnoNerd.app/HypnoNerd";
				FRAMEWORK_SEARCH_PATHS = (
					"$(SDKROOT)/Developer/Library/Frameworks",
					"$(inherited)",
					"$(DEVELOPER_FRAMEWORKS_DIR)",
				);
				GCC_PRECOMPILE_PREFIX_HEADER = YES;
				GCC_PREFIX_HEADER = "HypnoNerd/HypnoNerd-Prefix.pch";
				GCC_PREPROCESSOR_DEFINITIONS = (
					"DEBUG=1",
					"$(inherited)",
				);
				INFOPLIST_FILE = "HypnoNerdTests/HypnoNerdTests-Info.plist";
				PRODUCT_NAME = "$(TARGET_NAME)";
				TEST_HOST = "$(BUNDLE_LOADER)";
				WRAPPER_EXTENSION = xctest;
			};
			name = Debug;
		};
		0DBA768A1A675D8600EC74B0 /* Release */ = {
			isa = XCBuildConfiguration;
			buildSettings = {
				BUNDLE_LOADER = "$(BUILT_PRODUCTS_DIR)/HypnoNerd.app/HypnoNerd";
				FRAMEWORK_SEARCH_PATHS = (
					"$(SDKROOT)/Developer/Library/Frameworks",
					"$(inherited)",
					"$(DEVELOPER_FRAMEWORKS_DIR)",
				);
				GCC_PRECOMPILE_PREFIX_HEADER = YES;
				GCC_PREFIX_HEADER = "HypnoNerd/HypnoNerd-Prefix.pch";
				INFOPLIST_FILE = "HypnoNerdTests/HypnoNerdTests-Info.plist";
				PRODUCT_NAME = "$(TARGET_NAME)";
				TEST_HOST = "$(BUNDLE_LOADER)";
				WRAPPER_EXTENSION = xctest;
			};
			name = Release;
		};
/* End XCBuildConfiguration section */

/* Begin XCConfigurationList section */
		0DBA76541A675D8600EC74B0 /* Build configuration list for PBXProject "HypnoNerd" */ = {
			isa = XCConfigurationList;
			buildConfigurations = (
				0DBA76831A675D8600EC74B0 /* Debug */,
				0DBA76841A675D8600EC74B0 /* Release */,
			);
			defaultConfigurationIsVisible = 0;
			defaultConfigurationName = Release;
		};
		0DBA76851A675D8600EC74B0 /* Build configuration list for PBXNativeTarget "HypnoNerd" */ = {
			isa = XCConfigurationList;
			buildConfigurations = (
				0DBA76861A675D8600EC74B0 /* Debug */,
				0DBA76871A675D8600EC74B0 /* Release */,
			);
			defaultConfigurationIsVisible = 0;
		};
		0DBA76881A675D8600EC74B0 /* Build configuration list for PBXNativeTarget "HypnoNerdTests" */ = {
			isa = XCConfigurationList;
			buildConfigurations = (
				0DBA76891A675D8600EC74B0 /* Debug */,
				0DBA768A1A675D8600EC74B0 /* Release */,
			);
			defaultConfigurationIsVisible = 0;
		};
/* End XCConfigurationList section */
	};
	rootObject = 0DBA76511A675D8600EC74B0 /* Project object */;
}
